// !$*UTF8*$!
{
	archiveVersion = 1;
	classes = {
	};
	objectVersion = 55;
	objects = {

/* Begin PBXBuildFile section */
		04EBAE7901D631420C125B9E /* Pods_ArielsJourney.framework in Frameworks */ = {isa = PBXBuildFile; fileRef = B2511782EB8F98B19C8ABAAB /* Pods_ArielsJourney.framework */; };
		2E1CD4DE2AA2B53B00D90276 /* Macondo-Regular.ttf in Resources */ = {isa = PBXBuildFile; fileRef = 2E1CD4DD2AA2B53B00D90276 /* Macondo-Regular.ttf */; };
		2E2C9D9B2AA548E100995D41 /* HomeScreenModel.swift in Sources */ = {isa = PBXBuildFile; fileRef = 2E2C9D9A2AA548E100995D41 /* HomeScreenModel.swift */; };
		2E2C9D9E2AA54CB400995D41 /* HomeCollectionViewCell.swift in Sources */ = {isa = PBXBuildFile; fileRef = 2E2C9D9D2AA54CB400995D41 /* HomeCollectionViewCell.swift */; };
		2E2C9DA02AA54CFB00995D41 /* HomeCollectionViewCell.xib in Resources */ = {isa = PBXBuildFile; fileRef = 2E2C9D9F2AA54CFB00995D41 /* HomeCollectionViewCell.xib */; };
		2E2C9DA22AA567A300995D41 /* LocalizableDialogueStrings.swift in Sources */ = {isa = PBXBuildFile; fileRef = 2E2C9DA12AA567A300995D41 /* LocalizableDialogueStrings.swift */; };
		2E2C9DA52AA56B3600995D41 /* GameplayCardView.swift in Sources */ = {isa = PBXBuildFile; fileRef = 2E2C9DA42AA56B3600995D41 /* GameplayCardView.swift */; };
		2E2C9DA72AA56BD600995D41 /* GameplayCardView.xib in Resources */ = {isa = PBXBuildFile; fileRef = 2E2C9DA62AA56BD600995D41 /* GameplayCardView.xib */; };
		2E2C9DA92AA56F7A00995D41 /* GameplayDialogueModel.swift in Sources */ = {isa = PBXBuildFile; fileRef = 2E2C9DA82AA56F7A00995D41 /* GameplayDialogueModel.swift */; };
		2E3D74B62AA4E19900CD00C8 /* ReusableCells.swift in Sources */ = {isa = PBXBuildFile; fileRef = 2E3D74B52AA4E19900CD00C8 /* ReusableCells.swift */; };
		2E3D74B92AA4E22800CD00C8 /* ArchetypesModel.swift in Sources */ = {isa = PBXBuildFile; fileRef = 2E3D74B82AA4E22800CD00C8 /* ArchetypesModel.swift */; };
		2E3D74BE2AA4E3D400CD00C8 /* ArchetypeCollectionViewCell.swift in Sources */ = {isa = PBXBuildFile; fileRef = 2E3D74BD2AA4E3D400CD00C8 /* ArchetypeCollectionViewCell.swift */; };
		2E3D74C02AA4E3DE00CD00C8 /* ArchetypeCollectionViewCell.xib in Resources */ = {isa = PBXBuildFile; fileRef = 2E3D74BF2AA4E3DE00CD00C8 /* ArchetypeCollectionViewCell.xib */; };
		2E3D74C32AA4F7AF00CD00C8 /* ElementDetailsSheetRouter.swift in Sources */ = {isa = PBXBuildFile; fileRef = 2E3D74C22AA4F7AF00CD00C8 /* ElementDetailsSheetRouter.swift */; };
		2E3D74C52AA4F7F300CD00C8 /* ElementDetailsSheetPresenter.swift in Sources */ = {isa = PBXBuildFile; fileRef = 2E3D74C42AA4F7F300CD00C8 /* ElementDetailsSheetPresenter.swift */; };
		2E3D74C72AA4F83B00CD00C8 /* ElementDetailsSheetViewController.swift in Sources */ = {isa = PBXBuildFile; fileRef = 2E3D74C62AA4F83B00CD00C8 /* ElementDetailsSheetViewController.swift */; };
		2E3D74C92AA4F88600CD00C8 /* ElementDetailsSheetViewController.xib in Resources */ = {isa = PBXBuildFile; fileRef = 2E3D74C82AA4F88600CD00C8 /* ElementDetailsSheetViewController.xib */; };
		2E6DEFD02AA2A2A000C02153 /* StyledHeaderScreenView.swift in Sources */ = {isa = PBXBuildFile; fileRef = 2E6DEFCF2AA2A2A000C02153 /* StyledHeaderScreenView.swift */; };
		2E6DEFD22AA2A50C00C02153 /* StyledHeaderScreenView.xib in Resources */ = {isa = PBXBuildFile; fileRef = 2E6DEFD12AA2A50C00C02153 /* StyledHeaderScreenView.xib */; };
		2E737F822AA2455D001F4EB4 /* AppDelegate.swift in Sources */ = {isa = PBXBuildFile; fileRef = 2E737F812AA2455D001F4EB4 /* AppDelegate.swift */; };
		2E737F8B2AA2455F001F4EB4 /* Assets.xcassets in Resources */ = {isa = PBXBuildFile; fileRef = 2E737F8A2AA2455F001F4EB4 /* Assets.xcassets */; };
		2E737F8E2AA2455F001F4EB4 /* LaunchScreen.storyboard in Resources */ = {isa = PBXBuildFile; fileRef = 2E737F8C2AA2455F001F4EB4 /* LaunchScreen.storyboard */; };
		2E737F992AA2455F001F4EB4 /* ArielsJourneyTests.swift in Sources */ = {isa = PBXBuildFile; fileRef = 2E737F982AA2455F001F4EB4 /* ArielsJourneyTests.swift */; };
		2E737FA32AA2455F001F4EB4 /* ArielsJourneyUITests.swift in Sources */ = {isa = PBXBuildFile; fileRef = 2E737FA22AA2455F001F4EB4 /* ArielsJourneyUITests.swift */; };
		2E737FA52AA2455F001F4EB4 /* ArielsJourneyUITestsLaunchTests.swift in Sources */ = {isa = PBXBuildFile; fileRef = 2E737FA42AA2455F001F4EB4 /* ArielsJourneyUITestsLaunchTests.swift */; };
		2E737FB32AA2472A001F4EB4 /* SplashScreenRouter.swift in Sources */ = {isa = PBXBuildFile; fileRef = 2E737FB22AA2472A001F4EB4 /* SplashScreenRouter.swift */; };
		2E737FB92AA2486E001F4EB4 /* BaseRouter.swift in Sources */ = {isa = PBXBuildFile; fileRef = 2E737FB82AA2486E001F4EB4 /* BaseRouter.swift */; };
		2E737FBB2AA24894001F4EB4 /* BaseViewController.swift in Sources */ = {isa = PBXBuildFile; fileRef = 2E737FBA2AA24894001F4EB4 /* BaseViewController.swift */; };
		2E737FBD2AA248F7001F4EB4 /* BasePresenterDelegate.swift in Sources */ = {isa = PBXBuildFile; fileRef = 2E737FBC2AA248F7001F4EB4 /* BasePresenterDelegate.swift */; };
		2E737FBF2AA24928001F4EB4 /* SplashScreenPresenter.swift in Sources */ = {isa = PBXBuildFile; fileRef = 2E737FBE2AA24928001F4EB4 /* SplashScreenPresenter.swift */; };
		2E737FC12AA249A5001F4EB4 /* SplashScreenViewController.xib in Resources */ = {isa = PBXBuildFile; fileRef = 2E737FC02AA249A5001F4EB4 /* SplashScreenViewController.xib */; };
		2E737FC32AA249E1001F4EB4 /* SplashScreenViewController.swift in Sources */ = {isa = PBXBuildFile; fileRef = 2E737FC22AA249E1001F4EB4 /* SplashScreenViewController.swift */; };
		2E7FAC492AA3A8AD00E1AF20 /* GameplayScreenRouter.swift in Sources */ = {isa = PBXBuildFile; fileRef = 2E7FAC482AA3A8AD00E1AF20 /* GameplayScreenRouter.swift */; };
		2E7FAC4B2AA3A91F00E1AF20 /* GameplayScreenPresenter.swift in Sources */ = {isa = PBXBuildFile; fileRef = 2E7FAC4A2AA3A91F00E1AF20 /* GameplayScreenPresenter.swift */; };
		2E7FAC4D2AA3A9F800E1AF20 /* GameplayScreenViewController.swift in Sources */ = {isa = PBXBuildFile; fileRef = 2E7FAC4C2AA3A9F800E1AF20 /* GameplayScreenViewController.swift */; };
		2E7FAC4F2AA3AA0700E1AF20 /* GameplayScreenViewController.xib in Resources */ = {isa = PBXBuildFile; fileRef = 2E7FAC4E2AA3AA0700E1AF20 /* GameplayScreenViewController.xib */; };
		2E7FAC522AA3B18A00E1AF20 /* HerosJourneyScreenRouter.swift in Sources */ = {isa = PBXBuildFile; fileRef = 2E7FAC512AA3B18A00E1AF20 /* HerosJourneyScreenRouter.swift */; };
		2E7FAC542AA3B1CC00E1AF20 /* HerosJourneyScreenPresenter.swift in Sources */ = {isa = PBXBuildFile; fileRef = 2E7FAC532AA3B1CC00E1AF20 /* HerosJourneyScreenPresenter.swift */; };
		2E7FAC562AA3B22300E1AF20 /* HerosJourneyScreenViewController.swift in Sources */ = {isa = PBXBuildFile; fileRef = 2E7FAC552AA3B22300E1AF20 /* HerosJourneyScreenViewController.swift */; };
		2E7FAC582AA3B22D00E1AF20 /* HerosJourneyScreenViewController.xib in Resources */ = {isa = PBXBuildFile; fileRef = 2E7FAC572AA3B22D00E1AF20 /* HerosJourneyScreenViewController.xib */; };
		2E7FAC5B2AA3B49700E1AF20 /* ArchetypesScreenRouter.swift in Sources */ = {isa = PBXBuildFile; fileRef = 2E7FAC5A2AA3B49700E1AF20 /* ArchetypesScreenRouter.swift */; };
		2E7FAC5D2AA3B4C700E1AF20 /* ArchetypesScreenPresenter.swift in Sources */ = {isa = PBXBuildFile; fileRef = 2E7FAC5C2AA3B4C700E1AF20 /* ArchetypesScreenPresenter.swift */; };
		2E7FAC5F2AA3B4FE00E1AF20 /* ArchetypesScreenViewController.swift in Sources */ = {isa = PBXBuildFile; fileRef = 2E7FAC5E2AA3B4FE00E1AF20 /* ArchetypesScreenViewController.swift */; };
		2E7FAC612AA3B53900E1AF20 /* ArchetypesScreenViewController.xib in Resources */ = {isa = PBXBuildFile; fileRef = 2E7FAC602AA3B53900E1AF20 /* ArchetypesScreenViewController.xib */; };
		2E7FAC642AA3B66300E1AF20 /* AchievementsScreenRouter.swift in Sources */ = {isa = PBXBuildFile; fileRef = 2E7FAC632AA3B66300E1AF20 /* AchievementsScreenRouter.swift */; };
		2E7FAC662AA3B68B00E1AF20 /* AchievementsScreenPresenter.swift in Sources */ = {isa = PBXBuildFile; fileRef = 2E7FAC652AA3B68B00E1AF20 /* AchievementsScreenPresenter.swift */; };
		2E7FAC682AA3B6BC00E1AF20 /* AchievementsScreenViewController.swift in Sources */ = {isa = PBXBuildFile; fileRef = 2E7FAC672AA3B6BC00E1AF20 /* AchievementsScreenViewController.swift */; };
		2E7FAC6A2AA3B6F700E1AF20 /* AchievementsScreenViewController.xib in Resources */ = {isa = PBXBuildFile; fileRef = 2E7FAC692AA3B6F700E1AF20 /* AchievementsScreenViewController.xib */; };
		2EAF95742AA3EABF00B3FAC2 /* OverlayPresentation.swift in Sources */ = {isa = PBXBuildFile; fileRef = 2EAF95732AA3EABF00B3FAC2 /* OverlayPresentation.swift */; };
		2EAF95792AA3EBE300B3FAC2 /* ConfigurationsSheetRouter.swift in Sources */ = {isa = PBXBuildFile; fileRef = 2EAF95782AA3EBE300B3FAC2 /* ConfigurationsSheetRouter.swift */; };
		2EAF957B2AA3EC3800B3FAC2 /* ConfigurationsSheetPresenter.swift in Sources */ = {isa = PBXBuildFile; fileRef = 2EAF957A2AA3EC3800B3FAC2 /* ConfigurationsSheetPresenter.swift */; };
		2EAF957D2AA3EC9C00B3FAC2 /* ConfigurationsSheetViewController.swift in Sources */ = {isa = PBXBuildFile; fileRef = 2EAF957C2AA3EC9C00B3FAC2 /* ConfigurationsSheetViewController.swift */; };
		2EAF957F2AA3ED7100B3FAC2 /* ConfigurationsSheetViewController.xib in Resources */ = {isa = PBXBuildFile; fileRef = 2EAF957E2AA3ED7100B3FAC2 /* ConfigurationsSheetViewController.xib */; };
		2EAF95822AA3F12000B3FAC2 /* StyledHeaderSheetView.swift in Sources */ = {isa = PBXBuildFile; fileRef = 2EAF95812AA3F12000B3FAC2 /* StyledHeaderSheetView.swift */; };
		2EAF95842AA3F1D000B3FAC2 /* StyledHeaderSheetView.xib in Resources */ = {isa = PBXBuildFile; fileRef = 2EAF95832AA3F1D000B3FAC2 /* StyledHeaderSheetView.xib */; };
		2EAF95862AA401FC00B3FAC2 /* GradientLayer.swift in Sources */ = {isa = PBXBuildFile; fileRef = 2EAF95852AA401FC00B3FAC2 /* GradientLayer.swift */; };
		2EAF95892AA40AF100B3FAC2 /* HerosJourneyScreenModel.swift in Sources */ = {isa = PBXBuildFile; fileRef = 2EAF95882AA40AF100B3FAC2 /* HerosJourneyScreenModel.swift */; };
		2EAF958E2AA40B6E00B3FAC2 /* Localizable.swift in Sources */ = {isa = PBXBuildFile; fileRef = 2EAF958D2AA40B6E00B3FAC2 /* Localizable.swift */; };
		2EAF95902AA40B9500B3FAC2 /* LocalizableProjectStrings.swift in Sources */ = {isa = PBXBuildFile; fileRef = 2EAF958F2AA40B9500B3FAC2 /* LocalizableProjectStrings.swift */; };
		2EAF95962AA40CF900B3FAC2 /* Localizable.strings in Resources */ = {isa = PBXBuildFile; fileRef = 2EAF95982AA40CF900B3FAC2 /* Localizable.strings */; };
		2EAF959C2AA40D2600B3FAC2 /* Dialogues.strings in Resources */ = {isa = PBXBuildFile; fileRef = 2EAF959E2AA40D2600B3FAC2 /* Dialogues.strings */; };
		2EAF95A22AA415DE00B3FAC2 /* HerosJourneyCardView.swift in Sources */ = {isa = PBXBuildFile; fileRef = 2EAF95A12AA415DE00B3FAC2 /* HerosJourneyCardView.swift */; };
		2EAF95A42AA416EE00B3FAC2 /* HerosJourneyCardView.xib in Resources */ = {isa = PBXBuildFile; fileRef = 2EAF95A32AA416EE00B3FAC2 /* HerosJourneyCardView.xib */; };
		2EB169572AA2766900615060 /* HomeScreenRouter.swift in Sources */ = {isa = PBXBuildFile; fileRef = 2EB169562AA2766900615060 /* HomeScreenRouter.swift */; };
		2EB169592AA2773600615060 /* HomeScreenPresenter.swift in Sources */ = {isa = PBXBuildFile; fileRef = 2EB169582AA2773600615060 /* HomeScreenPresenter.swift */; };
		2EB1695B2AA2781800615060 /* HomeScreenViewController.swift in Sources */ = {isa = PBXBuildFile; fileRef = 2EB1695A2AA2781800615060 /* HomeScreenViewController.swift */; };
		2EB1695D2AA278AC00615060 /* HomeScreenViewController.xib in Resources */ = {isa = PBXBuildFile; fileRef = 2EB1695C2AA278AC00615060 /* HomeScreenViewController.xib */; };
		2EBE72B42AA7913A005E6010 /* AnimationTyping.swift in Sources */ = {isa = PBXBuildFile; fileRef = 2EBE72B32AA7913A005E6010 /* AnimationTyping.swift */; };
		2EBFD18F2AA6B77600308B0D /* GameplayDialogueManager.swift in Sources */ = {isa = PBXBuildFile; fileRef = 2EBFD18E2AA6B77600308B0D /* GameplayDialogueManager.swift */; };
		2FA13BF89C9F4289D43A1CA2 /* Pods_ArielsJourneyTests.framework in Frameworks */ = {isa = PBXBuildFile; fileRef = 0CF4E32BF96B409B84703B49 /* Pods_ArielsJourneyTests.framework */; };
		B9BEA4BED5CEFF252C1DC90E /* Pods_ArielsJourney_ArielsJourneyUITests.framework in Frameworks */ = {isa = PBXBuildFile; fileRef = 334888D2E0D69E3EE22615CE /* Pods_ArielsJourney_ArielsJourneyUITests.framework */; };
/* End PBXBuildFile section */

/* Begin PBXContainerItemProxy section */
		2E737F952AA2455F001F4EB4 /* PBXContainerItemProxy */ = {
			isa = PBXContainerItemProxy;
			containerPortal = 2E737F762AA2455D001F4EB4 /* Project object */;
			proxyType = 1;
			remoteGlobalIDString = 2E737F7D2AA2455D001F4EB4;
			remoteInfo = ArielsJourney;
		};
		2E737F9F2AA2455F001F4EB4 /* PBXContainerItemProxy */ = {
			isa = PBXContainerItemProxy;
			containerPortal = 2E737F762AA2455D001F4EB4 /* Project object */;
			proxyType = 1;
			remoteGlobalIDString = 2E737F7D2AA2455D001F4EB4;
			remoteInfo = ArielsJourney;
		};
/* End PBXContainerItemProxy section */

/* Begin PBXFileReference section */
		0CF4E32BF96B409B84703B49 /* Pods_ArielsJourneyTests.framework */ = {isa = PBXFileReference; explicitFileType = wrapper.framework; includeInIndex = 0; path = Pods_ArielsJourneyTests.framework; sourceTree = BUILT_PRODUCTS_DIR; };
		2E1CD4DD2AA2B53B00D90276 /* Macondo-Regular.ttf */ = {isa = PBXFileReference; lastKnownFileType = file; path = "Macondo-Regular.ttf"; sourceTree = "<group>"; };
		2E2C9D9A2AA548E100995D41 /* HomeScreenModel.swift */ = {isa = PBXFileReference; lastKnownFileType = sourcecode.swift; path = HomeScreenModel.swift; sourceTree = "<group>"; };
		2E2C9D9D2AA54CB400995D41 /* HomeCollectionViewCell.swift */ = {isa = PBXFileReference; lastKnownFileType = sourcecode.swift; path = HomeCollectionViewCell.swift; sourceTree = "<group>"; };
		2E2C9D9F2AA54CFB00995D41 /* HomeCollectionViewCell.xib */ = {isa = PBXFileReference; lastKnownFileType = file.xib; path = HomeCollectionViewCell.xib; sourceTree = "<group>"; };
		2E2C9DA12AA567A300995D41 /* LocalizableDialogueStrings.swift */ = {isa = PBXFileReference; lastKnownFileType = sourcecode.swift; path = LocalizableDialogueStrings.swift; sourceTree = "<group>"; };
		2E2C9DA42AA56B3600995D41 /* GameplayCardView.swift */ = {isa = PBXFileReference; lastKnownFileType = sourcecode.swift; path = GameplayCardView.swift; sourceTree = "<group>"; };
		2E2C9DA62AA56BD600995D41 /* GameplayCardView.xib */ = {isa = PBXFileReference; lastKnownFileType = file.xib; path = GameplayCardView.xib; sourceTree = "<group>"; };
		2E2C9DA82AA56F7A00995D41 /* GameplayDialogueModel.swift */ = {isa = PBXFileReference; lastKnownFileType = sourcecode.swift; path = GameplayDialogueModel.swift; sourceTree = "<group>"; };
		2E3D74B52AA4E19900CD00C8 /* ReusableCells.swift */ = {isa = PBXFileReference; lastKnownFileType = sourcecode.swift; path = ReusableCells.swift; sourceTree = "<group>"; };
		2E3D74B82AA4E22800CD00C8 /* ArchetypesModel.swift */ = {isa = PBXFileReference; lastKnownFileType = sourcecode.swift; path = ArchetypesModel.swift; sourceTree = "<group>"; };
		2E3D74BD2AA4E3D400CD00C8 /* ArchetypeCollectionViewCell.swift */ = {isa = PBXFileReference; lastKnownFileType = sourcecode.swift; path = ArchetypeCollectionViewCell.swift; sourceTree = "<group>"; };
		2E3D74BF2AA4E3DE00CD00C8 /* ArchetypeCollectionViewCell.xib */ = {isa = PBXFileReference; lastKnownFileType = file.xib; path = ArchetypeCollectionViewCell.xib; sourceTree = "<group>"; };
		2E3D74C22AA4F7AF00CD00C8 /* ElementDetailsSheetRouter.swift */ = {isa = PBXFileReference; lastKnownFileType = sourcecode.swift; path = ElementDetailsSheetRouter.swift; sourceTree = "<group>"; };
		2E3D74C42AA4F7F300CD00C8 /* ElementDetailsSheetPresenter.swift */ = {isa = PBXFileReference; lastKnownFileType = sourcecode.swift; path = ElementDetailsSheetPresenter.swift; sourceTree = "<group>"; };
		2E3D74C62AA4F83B00CD00C8 /* ElementDetailsSheetViewController.swift */ = {isa = PBXFileReference; lastKnownFileType = sourcecode.swift; path = ElementDetailsSheetViewController.swift; sourceTree = "<group>"; };
		2E3D74C82AA4F88600CD00C8 /* ElementDetailsSheetViewController.xib */ = {isa = PBXFileReference; lastKnownFileType = file.xib; path = ElementDetailsSheetViewController.xib; sourceTree = "<group>"; };
		2E6DEFCF2AA2A2A000C02153 /* StyledHeaderScreenView.swift */ = {isa = PBXFileReference; lastKnownFileType = sourcecode.swift; path = StyledHeaderScreenView.swift; sourceTree = "<group>"; };
		2E6DEFD12AA2A50C00C02153 /* StyledHeaderScreenView.xib */ = {isa = PBXFileReference; lastKnownFileType = file.xib; path = StyledHeaderScreenView.xib; sourceTree = "<group>"; };
		2E737F7E2AA2455D001F4EB4 /* ArielsJourney.app */ = {isa = PBXFileReference; explicitFileType = wrapper.application; includeInIndex = 0; path = ArielsJourney.app; sourceTree = BUILT_PRODUCTS_DIR; };
		2E737F812AA2455D001F4EB4 /* AppDelegate.swift */ = {isa = PBXFileReference; lastKnownFileType = sourcecode.swift; path = AppDelegate.swift; sourceTree = "<group>"; };
		2E737F8A2AA2455F001F4EB4 /* Assets.xcassets */ = {isa = PBXFileReference; lastKnownFileType = folder.assetcatalog; path = Assets.xcassets; sourceTree = "<group>"; };
		2E737F8D2AA2455F001F4EB4 /* Base */ = {isa = PBXFileReference; lastKnownFileType = file.storyboard; name = Base; path = Base.lproj/LaunchScreen.storyboard; sourceTree = "<group>"; };
		2E737F8F2AA2455F001F4EB4 /* Info.plist */ = {isa = PBXFileReference; lastKnownFileType = text.plist.xml; path = Info.plist; sourceTree = "<group>"; };
		2E737F942AA2455F001F4EB4 /* ArielsJourneyTests.xctest */ = {isa = PBXFileReference; explicitFileType = wrapper.cfbundle; includeInIndex = 0; path = ArielsJourneyTests.xctest; sourceTree = BUILT_PRODUCTS_DIR; };
		2E737F982AA2455F001F4EB4 /* ArielsJourneyTests.swift */ = {isa = PBXFileReference; lastKnownFileType = sourcecode.swift; path = ArielsJourneyTests.swift; sourceTree = "<group>"; };
		2E737F9E2AA2455F001F4EB4 /* ArielsJourneyUITests.xctest */ = {isa = PBXFileReference; explicitFileType = wrapper.cfbundle; includeInIndex = 0; path = ArielsJourneyUITests.xctest; sourceTree = BUILT_PRODUCTS_DIR; };
		2E737FA22AA2455F001F4EB4 /* ArielsJourneyUITests.swift */ = {isa = PBXFileReference; lastKnownFileType = sourcecode.swift; path = ArielsJourneyUITests.swift; sourceTree = "<group>"; };
		2E737FA42AA2455F001F4EB4 /* ArielsJourneyUITestsLaunchTests.swift */ = {isa = PBXFileReference; lastKnownFileType = sourcecode.swift; path = ArielsJourneyUITestsLaunchTests.swift; sourceTree = "<group>"; };
		2E737FB22AA2472A001F4EB4 /* SplashScreenRouter.swift */ = {isa = PBXFileReference; lastKnownFileType = sourcecode.swift; path = SplashScreenRouter.swift; sourceTree = "<group>"; };
		2E737FB82AA2486E001F4EB4 /* BaseRouter.swift */ = {isa = PBXFileReference; lastKnownFileType = sourcecode.swift; path = BaseRouter.swift; sourceTree = "<group>"; };
		2E737FBA2AA24894001F4EB4 /* BaseViewController.swift */ = {isa = PBXFileReference; lastKnownFileType = sourcecode.swift; path = BaseViewController.swift; sourceTree = "<group>"; };
		2E737FBC2AA248F7001F4EB4 /* BasePresenterDelegate.swift */ = {isa = PBXFileReference; lastKnownFileType = sourcecode.swift; path = BasePresenterDelegate.swift; sourceTree = "<group>"; };
		2E737FBE2AA24928001F4EB4 /* SplashScreenPresenter.swift */ = {isa = PBXFileReference; lastKnownFileType = sourcecode.swift; path = SplashScreenPresenter.swift; sourceTree = "<group>"; };
		2E737FC02AA249A5001F4EB4 /* SplashScreenViewController.xib */ = {isa = PBXFileReference; lastKnownFileType = file.xib; path = SplashScreenViewController.xib; sourceTree = "<group>"; };
		2E737FC22AA249E1001F4EB4 /* SplashScreenViewController.swift */ = {isa = PBXFileReference; lastKnownFileType = sourcecode.swift; path = SplashScreenViewController.swift; sourceTree = "<group>"; };
		2E7FAC482AA3A8AD00E1AF20 /* GameplayScreenRouter.swift */ = {isa = PBXFileReference; lastKnownFileType = sourcecode.swift; path = GameplayScreenRouter.swift; sourceTree = "<group>"; };
		2E7FAC4A2AA3A91F00E1AF20 /* GameplayScreenPresenter.swift */ = {isa = PBXFileReference; lastKnownFileType = sourcecode.swift; path = GameplayScreenPresenter.swift; sourceTree = "<group>"; };
		2E7FAC4C2AA3A9F800E1AF20 /* GameplayScreenViewController.swift */ = {isa = PBXFileReference; lastKnownFileType = sourcecode.swift; path = GameplayScreenViewController.swift; sourceTree = "<group>"; };
		2E7FAC4E2AA3AA0700E1AF20 /* GameplayScreenViewController.xib */ = {isa = PBXFileReference; lastKnownFileType = file.xib; path = GameplayScreenViewController.xib; sourceTree = "<group>"; };
		2E7FAC512AA3B18A00E1AF20 /* HerosJourneyScreenRouter.swift */ = {isa = PBXFileReference; lastKnownFileType = sourcecode.swift; path = HerosJourneyScreenRouter.swift; sourceTree = "<group>"; };
		2E7FAC532AA3B1CC00E1AF20 /* HerosJourneyScreenPresenter.swift */ = {isa = PBXFileReference; lastKnownFileType = sourcecode.swift; path = HerosJourneyScreenPresenter.swift; sourceTree = "<group>"; };
		2E7FAC552AA3B22300E1AF20 /* HerosJourneyScreenViewController.swift */ = {isa = PBXFileReference; lastKnownFileType = sourcecode.swift; path = HerosJourneyScreenViewController.swift; sourceTree = "<group>"; };
		2E7FAC572AA3B22D00E1AF20 /* HerosJourneyScreenViewController.xib */ = {isa = PBXFileReference; lastKnownFileType = file.xib; path = HerosJourneyScreenViewController.xib; sourceTree = "<group>"; };
		2E7FAC5A2AA3B49700E1AF20 /* ArchetypesScreenRouter.swift */ = {isa = PBXFileReference; lastKnownFileType = sourcecode.swift; path = ArchetypesScreenRouter.swift; sourceTree = "<group>"; };
		2E7FAC5C2AA3B4C700E1AF20 /* ArchetypesScreenPresenter.swift */ = {isa = PBXFileReference; lastKnownFileType = sourcecode.swift; path = ArchetypesScreenPresenter.swift; sourceTree = "<group>"; };
		2E7FAC5E2AA3B4FE00E1AF20 /* ArchetypesScreenViewController.swift */ = {isa = PBXFileReference; lastKnownFileType = sourcecode.swift; path = ArchetypesScreenViewController.swift; sourceTree = "<group>"; };
		2E7FAC602AA3B53900E1AF20 /* ArchetypesScreenViewController.xib */ = {isa = PBXFileReference; lastKnownFileType = file.xib; path = ArchetypesScreenViewController.xib; sourceTree = "<group>"; };
		2E7FAC632AA3B66300E1AF20 /* AchievementsScreenRouter.swift */ = {isa = PBXFileReference; lastKnownFileType = sourcecode.swift; path = AchievementsScreenRouter.swift; sourceTree = "<group>"; };
		2E7FAC652AA3B68B00E1AF20 /* AchievementsScreenPresenter.swift */ = {isa = PBXFileReference; lastKnownFileType = sourcecode.swift; path = AchievementsScreenPresenter.swift; sourceTree = "<group>"; };
		2E7FAC672AA3B6BC00E1AF20 /* AchievementsScreenViewController.swift */ = {isa = PBXFileReference; lastKnownFileType = sourcecode.swift; path = AchievementsScreenViewController.swift; sourceTree = "<group>"; };
		2E7FAC692AA3B6F700E1AF20 /* AchievementsScreenViewController.xib */ = {isa = PBXFileReference; lastKnownFileType = file.xib; path = AchievementsScreenViewController.xib; sourceTree = "<group>"; };
		2EAF95732AA3EABF00B3FAC2 /* OverlayPresentation.swift */ = {isa = PBXFileReference; lastKnownFileType = sourcecode.swift; path = OverlayPresentation.swift; sourceTree = "<group>"; };
		2EAF95782AA3EBE300B3FAC2 /* ConfigurationsSheetRouter.swift */ = {isa = PBXFileReference; lastKnownFileType = sourcecode.swift; path = ConfigurationsSheetRouter.swift; sourceTree = "<group>"; };
		2EAF957A2AA3EC3800B3FAC2 /* ConfigurationsSheetPresenter.swift */ = {isa = PBXFileReference; lastKnownFileType = sourcecode.swift; path = ConfigurationsSheetPresenter.swift; sourceTree = "<group>"; };
		2EAF957C2AA3EC9C00B3FAC2 /* ConfigurationsSheetViewController.swift */ = {isa = PBXFileReference; lastKnownFileType = sourcecode.swift; path = ConfigurationsSheetViewController.swift; sourceTree = "<group>"; };
		2EAF957E2AA3ED7100B3FAC2 /* ConfigurationsSheetViewController.xib */ = {isa = PBXFileReference; lastKnownFileType = file.xib; path = ConfigurationsSheetViewController.xib; sourceTree = "<group>"; };
		2EAF95812AA3F12000B3FAC2 /* StyledHeaderSheetView.swift */ = {isa = PBXFileReference; lastKnownFileType = sourcecode.swift; path = StyledHeaderSheetView.swift; sourceTree = "<group>"; };
		2EAF95832AA3F1D000B3FAC2 /* StyledHeaderSheetView.xib */ = {isa = PBXFileReference; lastKnownFileType = file.xib; path = StyledHeaderSheetView.xib; sourceTree = "<group>"; };
		2EAF95852AA401FC00B3FAC2 /* GradientLayer.swift */ = {isa = PBXFileReference; lastKnownFileType = sourcecode.swift; path = GradientLayer.swift; sourceTree = "<group>"; };
		2EAF95882AA40AF100B3FAC2 /* HerosJourneyScreenModel.swift */ = {isa = PBXFileReference; lastKnownFileType = sourcecode.swift; path = HerosJourneyScreenModel.swift; sourceTree = "<group>"; };
		2EAF958D2AA40B6E00B3FAC2 /* Localizable.swift */ = {isa = PBXFileReference; lastKnownFileType = sourcecode.swift; path = Localizable.swift; sourceTree = "<group>"; };
		2EAF958F2AA40B9500B3FAC2 /* LocalizableProjectStrings.swift */ = {isa = PBXFileReference; lastKnownFileType = sourcecode.swift; path = LocalizableProjectStrings.swift; sourceTree = "<group>"; };
		2EAF95932AA40CD500B3FAC2 /* pt-BR */ = {isa = PBXFileReference; lastKnownFileType = text.plist.strings; name = "pt-BR"; path = "pt-BR.lproj/LaunchScreen.strings"; sourceTree = "<group>"; };
		2EAF95972AA40CF900B3FAC2 /* pt-BR */ = {isa = PBXFileReference; lastKnownFileType = text.plist.strings; name = "pt-BR"; path = "pt-BR.lproj/Localizable.strings"; sourceTree = "<group>"; };
		2EAF95992AA40CFC00B3FAC2 /* en */ = {isa = PBXFileReference; lastKnownFileType = text.plist.strings; name = en; path = en.lproj/Localizable.strings; sourceTree = "<group>"; };
		2EAF959D2AA40D2600B3FAC2 /* en */ = {isa = PBXFileReference; lastKnownFileType = text.plist.strings; name = en; path = en.lproj/Dialogues.strings; sourceTree = "<group>"; };
		2EAF959F2AA40D2A00B3FAC2 /* pt-BR */ = {isa = PBXFileReference; lastKnownFileType = text.plist.strings; name = "pt-BR"; path = "pt-BR.lproj/Dialogues.strings"; sourceTree = "<group>"; };
		2EAF95A12AA415DE00B3FAC2 /* HerosJourneyCardView.swift */ = {isa = PBXFileReference; lastKnownFileType = sourcecode.swift; path = HerosJourneyCardView.swift; sourceTree = "<group>"; };
		2EAF95A32AA416EE00B3FAC2 /* HerosJourneyCardView.xib */ = {isa = PBXFileReference; lastKnownFileType = file.xib; path = HerosJourneyCardView.xib; sourceTree = "<group>"; };
		2EB169562AA2766900615060 /* HomeScreenRouter.swift */ = {isa = PBXFileReference; lastKnownFileType = sourcecode.swift; path = HomeScreenRouter.swift; sourceTree = "<group>"; };
		2EB169582AA2773600615060 /* HomeScreenPresenter.swift */ = {isa = PBXFileReference; lastKnownFileType = sourcecode.swift; path = HomeScreenPresenter.swift; sourceTree = "<group>"; };
		2EB1695A2AA2781800615060 /* HomeScreenViewController.swift */ = {isa = PBXFileReference; lastKnownFileType = sourcecode.swift; path = HomeScreenViewController.swift; sourceTree = "<group>"; };
		2EB1695C2AA278AC00615060 /* HomeScreenViewController.xib */ = {isa = PBXFileReference; lastKnownFileType = file.xib; path = HomeScreenViewController.xib; sourceTree = "<group>"; };
		2EBE72B32AA7913A005E6010 /* AnimationTyping.swift */ = {isa = PBXFileReference; lastKnownFileType = sourcecode.swift; path = AnimationTyping.swift; sourceTree = "<group>"; };
		2EBFD18E2AA6B77600308B0D /* GameplayDialogueManager.swift */ = {isa = PBXFileReference; lastKnownFileType = sourcecode.swift; path = GameplayDialogueManager.swift; sourceTree = "<group>"; };
		2F48B1E409AF8E12E9C77714 /* Pods-ArielsJourney.release.xcconfig */ = {isa = PBXFileReference; includeInIndex = 1; lastKnownFileType = text.xcconfig; name = "Pods-ArielsJourney.release.xcconfig"; path = "Target Support Files/Pods-ArielsJourney/Pods-ArielsJourney.release.xcconfig"; sourceTree = "<group>"; };
		334888D2E0D69E3EE22615CE /* Pods_ArielsJourney_ArielsJourneyUITests.framework */ = {isa = PBXFileReference; explicitFileType = wrapper.framework; includeInIndex = 0; path = Pods_ArielsJourney_ArielsJourneyUITests.framework; sourceTree = BUILT_PRODUCTS_DIR; };
		5B82745CC2ECA9191FCEB262 /* Pods-ArielsJourneyTests.debug.xcconfig */ = {isa = PBXFileReference; includeInIndex = 1; lastKnownFileType = text.xcconfig; name = "Pods-ArielsJourneyTests.debug.xcconfig"; path = "Target Support Files/Pods-ArielsJourneyTests/Pods-ArielsJourneyTests.debug.xcconfig"; sourceTree = "<group>"; };
		751C73FE44BD46F16D547769 /* Pods-ArielsJourneyTests.release.xcconfig */ = {isa = PBXFileReference; includeInIndex = 1; lastKnownFileType = text.xcconfig; name = "Pods-ArielsJourneyTests.release.xcconfig"; path = "Target Support Files/Pods-ArielsJourneyTests/Pods-ArielsJourneyTests.release.xcconfig"; sourceTree = "<group>"; };
		88A4C7E411A30B82DDC1058B /* Pods-ArielsJourney-ArielsJourneyUITests.debug.xcconfig */ = {isa = PBXFileReference; includeInIndex = 1; lastKnownFileType = text.xcconfig; name = "Pods-ArielsJourney-ArielsJourneyUITests.debug.xcconfig"; path = "Target Support Files/Pods-ArielsJourney-ArielsJourneyUITests/Pods-ArielsJourney-ArielsJourneyUITests.debug.xcconfig"; sourceTree = "<group>"; };
		8CA94DA5B7BAADED7B8AECBC /* Pods-ArielsJourney-ArielsJourneyUITests.release.xcconfig */ = {isa = PBXFileReference; includeInIndex = 1; lastKnownFileType = text.xcconfig; name = "Pods-ArielsJourney-ArielsJourneyUITests.release.xcconfig"; path = "Target Support Files/Pods-ArielsJourney-ArielsJourneyUITests/Pods-ArielsJourney-ArielsJourneyUITests.release.xcconfig"; sourceTree = "<group>"; };
		B2511782EB8F98B19C8ABAAB /* Pods_ArielsJourney.framework */ = {isa = PBXFileReference; explicitFileType = wrapper.framework; includeInIndex = 0; path = Pods_ArielsJourney.framework; sourceTree = BUILT_PRODUCTS_DIR; };
		FD9894A80624EB1BD580928E /* Pods-ArielsJourney.debug.xcconfig */ = {isa = PBXFileReference; includeInIndex = 1; lastKnownFileType = text.xcconfig; name = "Pods-ArielsJourney.debug.xcconfig"; path = "Target Support Files/Pods-ArielsJourney/Pods-ArielsJourney.debug.xcconfig"; sourceTree = "<group>"; };
/* End PBXFileReference section */

/* Begin PBXFrameworksBuildPhase section */
		2E737F7B2AA2455D001F4EB4 /* Frameworks */ = {
			isa = PBXFrameworksBuildPhase;
			buildActionMask = 2147483647;
			files = (
				04EBAE7901D631420C125B9E /* Pods_ArielsJourney.framework in Frameworks */,
			);
			runOnlyForDeploymentPostprocessing = 0;
		};
		2E737F912AA2455F001F4EB4 /* Frameworks */ = {
			isa = PBXFrameworksBuildPhase;
			buildActionMask = 2147483647;
			files = (
				2FA13BF89C9F4289D43A1CA2 /* Pods_ArielsJourneyTests.framework in Frameworks */,
			);
			runOnlyForDeploymentPostprocessing = 0;
		};
		2E737F9B2AA2455F001F4EB4 /* Frameworks */ = {
			isa = PBXFrameworksBuildPhase;
			buildActionMask = 2147483647;
			files = (
				B9BEA4BED5CEFF252C1DC90E /* Pods_ArielsJourney_ArielsJourneyUITests.framework in Frameworks */,
			);
			runOnlyForDeploymentPostprocessing = 0;
		};
/* End PBXFrameworksBuildPhase section */

/* Begin PBXGroup section */
		2E1CD4DB2AA2B50E00D90276 /* Resources */ = {
			isa = PBXGroup;
			children = (
				2EAF958C2AA40B4B00B3FAC2 /* Localizable */,
				2E1CD4DC2AA2B52700D90276 /* Fonts */,
			);
			path = Resources;
			sourceTree = "<group>";
		};
		2E1CD4DC2AA2B52700D90276 /* Fonts */ = {
			isa = PBXGroup;
			children = (
				2E1CD4DD2AA2B53B00D90276 /* Macondo-Regular.ttf */,
			);
			path = Fonts;
			sourceTree = "<group>";
		};
		2E2C9D9C2AA54C9A00995D41 /* HomeCell */ = {
			isa = PBXGroup;
			children = (
				2E2C9D9D2AA54CB400995D41 /* HomeCollectionViewCell.swift */,
				2E2C9D9F2AA54CFB00995D41 /* HomeCollectionViewCell.xib */,
			);
			path = HomeCell;
			sourceTree = "<group>";
		};
		2E2C9DA32AA56B1A00995D41 /* GameplayCard */ = {
			isa = PBXGroup;
			children = (
				2E2C9DA42AA56B3600995D41 /* GameplayCardView.swift */,
				2E2C9DA62AA56BD600995D41 /* GameplayCardView.xib */,
			);
			path = GameplayCard;
			sourceTree = "<group>";
		};
		2E3D74BC2AA4E36600CD00C8 /* ArchetypeCell */ = {
			isa = PBXGroup;
			children = (
				2E3D74BD2AA4E3D400CD00C8 /* ArchetypeCollectionViewCell.swift */,
				2E3D74BF2AA4E3DE00CD00C8 /* ArchetypeCollectionViewCell.xib */,
			);
			path = ArchetypeCell;
			sourceTree = "<group>";
		};
		2E3D74C12AA4F78800CD00C8 /* ElementDetails */ = {
			isa = PBXGroup;
			children = (
				2E3D74C22AA4F7AF00CD00C8 /* ElementDetailsSheetRouter.swift */,
				2E3D74C42AA4F7F300CD00C8 /* ElementDetailsSheetPresenter.swift */,
				2E3D74C62AA4F83B00CD00C8 /* ElementDetailsSheetViewController.swift */,
				2E3D74C82AA4F88600CD00C8 /* ElementDetailsSheetViewController.xib */,
			);
			path = ElementDetails;
			sourceTree = "<group>";
		};
		2E6DEFCD2AA2A0DA00C02153 /* Components */ = {
			isa = PBXGroup;
			children = (
				2E2C9DA32AA56B1A00995D41 /* GameplayCard */,
				2EAF95A02AA4155C00B3FAC2 /* HerosJourneyCard */,
				2E6DEFCE2AA2A0E700C02153 /* StyledHeaderScreen */,
				2EAF95802AA3F08B00B3FAC2 /* StyledHeaderSheet */,
			);
			path = Components;
			sourceTree = "<group>";
		};
		2E6DEFCE2AA2A0E700C02153 /* StyledHeaderScreen */ = {
			isa = PBXGroup;
			children = (
				2E6DEFCF2AA2A2A000C02153 /* StyledHeaderScreenView.swift */,
				2E6DEFD12AA2A50C00C02153 /* StyledHeaderScreenView.xib */,
			);
			path = StyledHeaderScreen;
			sourceTree = "<group>";
		};
		2E737F752AA2455D001F4EB4 = {
			isa = PBXGroup;
			children = (
				2E737F802AA2455D001F4EB4 /* ArielsJourney */,
				2E737F972AA2455F001F4EB4 /* ArielsJourneyTests */,
				2E737FA12AA2455F001F4EB4 /* ArielsJourneyUITests */,
				2E737F7F2AA2455D001F4EB4 /* Products */,
				62E0B182D2C4BF5A0821EC89 /* Pods */,
				E094D1672B4BC8173A210A3D /* Frameworks */,
			);
			sourceTree = "<group>";
		};
		2E737F7F2AA2455D001F4EB4 /* Products */ = {
			isa = PBXGroup;
			children = (
				2E737F7E2AA2455D001F4EB4 /* ArielsJourney.app */,
				2E737F942AA2455F001F4EB4 /* ArielsJourneyTests.xctest */,
				2E737F9E2AA2455F001F4EB4 /* ArielsJourneyUITests.xctest */,
			);
			name = Products;
			sourceTree = "<group>";
		};
		2E737F802AA2455D001F4EB4 /* ArielsJourney */ = {
			isa = PBXGroup;
			children = (
				2E737FB42AA247E5001F4EB4 /* Application */,
				2E6DEFCD2AA2A0DA00C02153 /* Components */,
				2E737FB52AA247FB001F4EB4 /* Modules */,
				2E1CD4DB2AA2B50E00D90276 /* Resources */,
				2E737FB62AA2481A001F4EB4 /* Utils */,
				2E737F8A2AA2455F001F4EB4 /* Assets.xcassets */,
				2E737F8F2AA2455F001F4EB4 /* Info.plist */,
			);
			path = ArielsJourney;
			sourceTree = "<group>";
		};
		2E737F972AA2455F001F4EB4 /* ArielsJourneyTests */ = {
			isa = PBXGroup;
			children = (
				2E737F982AA2455F001F4EB4 /* ArielsJourneyTests.swift */,
			);
			path = ArielsJourneyTests;
			sourceTree = "<group>";
		};
		2E737FA12AA2455F001F4EB4 /* ArielsJourneyUITests */ = {
			isa = PBXGroup;
			children = (
				2E737FA22AA2455F001F4EB4 /* ArielsJourneyUITests.swift */,
				2E737FA42AA2455F001F4EB4 /* ArielsJourneyUITestsLaunchTests.swift */,
			);
			path = ArielsJourneyUITests;
			sourceTree = "<group>";
		};
		2E737FB12AA246F2001F4EB4 /* Splash */ = {
			isa = PBXGroup;
			children = (
				2E737FB22AA2472A001F4EB4 /* SplashScreenRouter.swift */,
				2E737FBE2AA24928001F4EB4 /* SplashScreenPresenter.swift */,
				2E737FC22AA249E1001F4EB4 /* SplashScreenViewController.swift */,
				2E737FC02AA249A5001F4EB4 /* SplashScreenViewController.xib */,
			);
			path = Splash;
			sourceTree = "<group>";
		};
		2E737FB42AA247E5001F4EB4 /* Application */ = {
			isa = PBXGroup;
			children = (
				2E737F812AA2455D001F4EB4 /* AppDelegate.swift */,
				2E737F8C2AA2455F001F4EB4 /* LaunchScreen.storyboard */,
			);
			path = Application;
			sourceTree = "<group>";
		};
		2E737FB52AA247FB001F4EB4 /* Modules */ = {
			isa = PBXGroup;
			children = (
				2EAF95752AA3EB0A00B3FAC2 /* Screens */,
				2EAF95762AA3EB2400B3FAC2 /* Sheets */,
			);
			path = Modules;
			sourceTree = "<group>";
		};
		2E737FB62AA2481A001F4EB4 /* Utils */ = {
			isa = PBXGroup;
			children = (
				2EAF95722AA3EA9300B3FAC2 /* Helpers */,
				2E737FB72AA24825001F4EB4 /* Bases */,
			);
			path = Utils;
			sourceTree = "<group>";
		};
		2E737FB72AA24825001F4EB4 /* Bases */ = {
			isa = PBXGroup;
			children = (
				2E737FB82AA2486E001F4EB4 /* BaseRouter.swift */,
				2E737FBA2AA24894001F4EB4 /* BaseViewController.swift */,
				2E737FBC2AA248F7001F4EB4 /* BasePresenterDelegate.swift */,
			);
			path = Bases;
			sourceTree = "<group>";
		};
		2E7FAC472AA3A89400E1AF20 /* Gameplay */ = {
			isa = PBXGroup;
			children = (
				2EBFD18D2AA6B74100308B0D /* GameplayScreenModel */,
				2E7FAC482AA3A8AD00E1AF20 /* GameplayScreenRouter.swift */,
				2E7FAC4A2AA3A91F00E1AF20 /* GameplayScreenPresenter.swift */,
				2E7FAC4C2AA3A9F800E1AF20 /* GameplayScreenViewController.swift */,
				2E7FAC4E2AA3AA0700E1AF20 /* GameplayScreenViewController.xib */,
			);
			path = Gameplay;
			sourceTree = "<group>";
		};
		2E7FAC502AA3B15600E1AF20 /* HerosJourney */ = {
			isa = PBXGroup;
			children = (
				2EAF95882AA40AF100B3FAC2 /* HerosJourneyScreenModel.swift */,
				2E7FAC512AA3B18A00E1AF20 /* HerosJourneyScreenRouter.swift */,
				2E7FAC532AA3B1CC00E1AF20 /* HerosJourneyScreenPresenter.swift */,
				2E7FAC552AA3B22300E1AF20 /* HerosJourneyScreenViewController.swift */,
				2E7FAC572AA3B22D00E1AF20 /* HerosJourneyScreenViewController.xib */,
			);
			path = HerosJourney;
			sourceTree = "<group>";
		};
		2E7FAC592AA3B43F00E1AF20 /* Archetypes */ = {
			isa = PBXGroup;
			children = (
				2E3D74BC2AA4E36600CD00C8 /* ArchetypeCell */,
				2E3D74B82AA4E22800CD00C8 /* ArchetypesModel.swift */,
				2E7FAC5A2AA3B49700E1AF20 /* ArchetypesScreenRouter.swift */,
				2E7FAC5C2AA3B4C700E1AF20 /* ArchetypesScreenPresenter.swift */,
				2E7FAC5E2AA3B4FE00E1AF20 /* ArchetypesScreenViewController.swift */,
				2E7FAC602AA3B53900E1AF20 /* ArchetypesScreenViewController.xib */,
			);
			path = Archetypes;
			sourceTree = "<group>";
		};
		2E7FAC622AA3B63F00E1AF20 /* Achievements */ = {
			isa = PBXGroup;
			children = (
				2E7FAC632AA3B66300E1AF20 /* AchievementsScreenRouter.swift */,
				2E7FAC652AA3B68B00E1AF20 /* AchievementsScreenPresenter.swift */,
				2E7FAC672AA3B6BC00E1AF20 /* AchievementsScreenViewController.swift */,
				2E7FAC692AA3B6F700E1AF20 /* AchievementsScreenViewController.xib */,
			);
			path = Achievements;
			sourceTree = "<group>";
		};
		2EAF95722AA3EA9300B3FAC2 /* Helpers */ = {
			isa = PBXGroup;
			children = (
				2EAF95732AA3EABF00B3FAC2 /* OverlayPresentation.swift */,
				2EAF95852AA401FC00B3FAC2 /* GradientLayer.swift */,
				2E3D74B52AA4E19900CD00C8 /* ReusableCells.swift */,
				2EBE72B32AA7913A005E6010 /* AnimationTyping.swift */,
			);
			path = Helpers;
			sourceTree = "<group>";
		};
		2EAF95752AA3EB0A00B3FAC2 /* Screens */ = {
			isa = PBXGroup;
			children = (
				2E7FAC622AA3B63F00E1AF20 /* Achievements */,
				2E7FAC592AA3B43F00E1AF20 /* Archetypes */,
				2E7FAC502AA3B15600E1AF20 /* HerosJourney */,
				2E7FAC472AA3A89400E1AF20 /* Gameplay */,
				2EB169552AA275EA00615060 /* Home */,
				2E737FB12AA246F2001F4EB4 /* Splash */,
			);
			path = Screens;
			sourceTree = "<group>";
		};
		2EAF95762AA3EB2400B3FAC2 /* Sheets */ = {
			isa = PBXGroup;
			children = (
				2E3D74C12AA4F78800CD00C8 /* ElementDetails */,
				2EAF95772AA3EB8B00B3FAC2 /* Configurations */,
			);
			path = Sheets;
			sourceTree = "<group>";
		};
		2EAF95772AA3EB8B00B3FAC2 /* Configurations */ = {
			isa = PBXGroup;
			children = (
				2EAF95782AA3EBE300B3FAC2 /* ConfigurationsSheetRouter.swift */,
				2EAF957A2AA3EC3800B3FAC2 /* ConfigurationsSheetPresenter.swift */,
				2EAF957C2AA3EC9C00B3FAC2 /* ConfigurationsSheetViewController.swift */,
				2EAF957E2AA3ED7100B3FAC2 /* ConfigurationsSheetViewController.xib */,
			);
			path = Configurations;
			sourceTree = "<group>";
		};
		2EAF95802AA3F08B00B3FAC2 /* StyledHeaderSheet */ = {
			isa = PBXGroup;
			children = (
				2EAF95812AA3F12000B3FAC2 /* StyledHeaderSheetView.swift */,
				2EAF95832AA3F1D000B3FAC2 /* StyledHeaderSheetView.xib */,
			);
			path = StyledHeaderSheet;
			sourceTree = "<group>";
		};
		2EAF958C2AA40B4B00B3FAC2 /* Localizable */ = {
			isa = PBXGroup;
			children = (
				2EAF958D2AA40B6E00B3FAC2 /* Localizable.swift */,
				2EAF958F2AA40B9500B3FAC2 /* LocalizableProjectStrings.swift */,
				2E2C9DA12AA567A300995D41 /* LocalizableDialogueStrings.swift */,
				2EAF95982AA40CF900B3FAC2 /* Localizable.strings */,
				2EAF959E2AA40D2600B3FAC2 /* Dialogues.strings */,
			);
			path = Localizable;
			sourceTree = "<group>";
		};
		2EAF95A02AA4155C00B3FAC2 /* HerosJourneyCard */ = {
			isa = PBXGroup;
			children = (
				2EAF95A12AA415DE00B3FAC2 /* HerosJourneyCardView.swift */,
				2EAF95A32AA416EE00B3FAC2 /* HerosJourneyCardView.xib */,
			);
			path = HerosJourneyCard;
			sourceTree = "<group>";
		};
		2EB169552AA275EA00615060 /* Home */ = {
			isa = PBXGroup;
			children = (
				2E2C9D9C2AA54C9A00995D41 /* HomeCell */,
				2E2C9D9A2AA548E100995D41 /* HomeScreenModel.swift */,
				2EB169562AA2766900615060 /* HomeScreenRouter.swift */,
				2EB169582AA2773600615060 /* HomeScreenPresenter.swift */,
				2EB1695A2AA2781800615060 /* HomeScreenViewController.swift */,
				2EB1695C2AA278AC00615060 /* HomeScreenViewController.xib */,
			);
			path = Home;
			sourceTree = "<group>";
		};
		2EBFD18D2AA6B74100308B0D /* GameplayScreenModel */ = {
			isa = PBXGroup;
			children = (
				2E2C9DA82AA56F7A00995D41 /* GameplayDialogueModel.swift */,
				2EBFD18E2AA6B77600308B0D /* GameplayDialogueManager.swift */,
			);
			path = GameplayScreenModel;
			sourceTree = "<group>";
		};
		62E0B182D2C4BF5A0821EC89 /* Pods */ = {
			isa = PBXGroup;
			children = (
				FD9894A80624EB1BD580928E /* Pods-ArielsJourney.debug.xcconfig */,
				2F48B1E409AF8E12E9C77714 /* Pods-ArielsJourney.release.xcconfig */,
				88A4C7E411A30B82DDC1058B /* Pods-ArielsJourney-ArielsJourneyUITests.debug.xcconfig */,
				8CA94DA5B7BAADED7B8AECBC /* Pods-ArielsJourney-ArielsJourneyUITests.release.xcconfig */,
				5B82745CC2ECA9191FCEB262 /* Pods-ArielsJourneyTests.debug.xcconfig */,
				751C73FE44BD46F16D547769 /* Pods-ArielsJourneyTests.release.xcconfig */,
			);
			path = Pods;
			sourceTree = "<group>";
		};
		E094D1672B4BC8173A210A3D /* Frameworks */ = {
			isa = PBXGroup;
			children = (
				B2511782EB8F98B19C8ABAAB /* Pods_ArielsJourney.framework */,
				334888D2E0D69E3EE22615CE /* Pods_ArielsJourney_ArielsJourneyUITests.framework */,
				0CF4E32BF96B409B84703B49 /* Pods_ArielsJourneyTests.framework */,
			);
			name = Frameworks;
			sourceTree = "<group>";
		};
/* End PBXGroup section */

/* Begin PBXNativeTarget section */
		2E737F7D2AA2455D001F4EB4 /* ArielsJourney */ = {
			isa = PBXNativeTarget;
			buildConfigurationList = 2E737FA82AA2455F001F4EB4 /* Build configuration list for PBXNativeTarget "ArielsJourney" */;
			buildPhases = (
				938D7693EB5490059AE702B5 /* [CP] Check Pods Manifest.lock */,
				2E737F7A2AA2455D001F4EB4 /* Sources */,
				2E737F7B2AA2455D001F4EB4 /* Frameworks */,
				2E737F7C2AA2455D001F4EB4 /* Resources */,
			);
			buildRules = (
			);
			dependencies = (
			);
			name = ArielsJourney;
			productName = ArielsJourney;
			productReference = 2E737F7E2AA2455D001F4EB4 /* ArielsJourney.app */;
			productType = "com.apple.product-type.application";
		};
		2E737F932AA2455F001F4EB4 /* ArielsJourneyTests */ = {
			isa = PBXNativeTarget;
			buildConfigurationList = 2E737FAB2AA2455F001F4EB4 /* Build configuration list for PBXNativeTarget "ArielsJourneyTests" */;
			buildPhases = (
				51053F36D004746221A9803E /* [CP] Check Pods Manifest.lock */,
				2E737F902AA2455F001F4EB4 /* Sources */,
				2E737F912AA2455F001F4EB4 /* Frameworks */,
				2E737F922AA2455F001F4EB4 /* Resources */,
			);
			buildRules = (
			);
			dependencies = (
				2E737F962AA2455F001F4EB4 /* PBXTargetDependency */,
			);
			name = ArielsJourneyTests;
			productName = ArielsJourneyTests;
			productReference = 2E737F942AA2455F001F4EB4 /* ArielsJourneyTests.xctest */;
			productType = "com.apple.product-type.bundle.unit-test";
		};
		2E737F9D2AA2455F001F4EB4 /* ArielsJourneyUITests */ = {
			isa = PBXNativeTarget;
			buildConfigurationList = 2E737FAE2AA2455F001F4EB4 /* Build configuration list for PBXNativeTarget "ArielsJourneyUITests" */;
			buildPhases = (
				1260799AB80B0FB8DF2071EB /* [CP] Check Pods Manifest.lock */,
				2E737F9A2AA2455F001F4EB4 /* Sources */,
				2E737F9B2AA2455F001F4EB4 /* Frameworks */,
				2E737F9C2AA2455F001F4EB4 /* Resources */,
			);
			buildRules = (
			);
			dependencies = (
				2E737FA02AA2455F001F4EB4 /* PBXTargetDependency */,
			);
			name = ArielsJourneyUITests;
			productName = ArielsJourneyUITests;
			productReference = 2E737F9E2AA2455F001F4EB4 /* ArielsJourneyUITests.xctest */;
			productType = "com.apple.product-type.bundle.ui-testing";
		};
/* End PBXNativeTarget section */

/* Begin PBXProject section */
		2E737F762AA2455D001F4EB4 /* Project object */ = {
			isa = PBXProject;
			attributes = {
				BuildIndependentTargetsInParallel = 1;
				LastSwiftUpdateCheck = 1420;
				LastUpgradeCheck = 1420;
				TargetAttributes = {
					2E737F7D2AA2455D001F4EB4 = {
						CreatedOnToolsVersion = 14.2;
					};
					2E737F932AA2455F001F4EB4 = {
						CreatedOnToolsVersion = 14.2;
						TestTargetID = 2E737F7D2AA2455D001F4EB4;
					};
					2E737F9D2AA2455F001F4EB4 = {
						CreatedOnToolsVersion = 14.2;
						TestTargetID = 2E737F7D2AA2455D001F4EB4;
					};
				};
			};
			buildConfigurationList = 2E737F792AA2455D001F4EB4 /* Build configuration list for PBXProject "ArielsJourney" */;
			compatibilityVersion = "Xcode 13.0";
			developmentRegion = en;
			hasScannedForEncodings = 0;
			knownRegions = (
				en,
				Base,
				"pt-BR",
			);
			mainGroup = 2E737F752AA2455D001F4EB4;
			productRefGroup = 2E737F7F2AA2455D001F4EB4 /* Products */;
			projectDirPath = "";
			projectRoot = "";
			targets = (
				2E737F7D2AA2455D001F4EB4 /* ArielsJourney */,
				2E737F932AA2455F001F4EB4 /* ArielsJourneyTests */,
				2E737F9D2AA2455F001F4EB4 /* ArielsJourneyUITests */,
			);
		};
/* End PBXProject section */

/* Begin PBXResourcesBuildPhase section */
		2E737F7C2AA2455D001F4EB4 /* Resources */ = {
			isa = PBXResourcesBuildPhase;
			buildActionMask = 2147483647;
			files = (
				2E7FAC4F2AA3AA0700E1AF20 /* GameplayScreenViewController.xib in Resources */,
				2E737FC12AA249A5001F4EB4 /* SplashScreenViewController.xib in Resources */,
				2E7FAC612AA3B53900E1AF20 /* ArchetypesScreenViewController.xib in Resources */,
				2E3D74C02AA4E3DE00CD00C8 /* ArchetypeCollectionViewCell.xib in Resources */,
				2EAF959C2AA40D2600B3FAC2 /* Dialogues.strings in Resources */,
				2EAF95962AA40CF900B3FAC2 /* Localizable.strings in Resources */,
				2EB1695D2AA278AC00615060 /* HomeScreenViewController.xib in Resources */,
				2E7FAC6A2AA3B6F700E1AF20 /* AchievementsScreenViewController.xib in Resources */,
				2EAF957F2AA3ED7100B3FAC2 /* ConfigurationsSheetViewController.xib in Resources */,
				2E737F8E2AA2455F001F4EB4 /* LaunchScreen.storyboard in Resources */,
				2E6DEFD22AA2A50C00C02153 /* StyledHeaderScreenView.xib in Resources */,
				2E737F8B2AA2455F001F4EB4 /* Assets.xcassets in Resources */,
				2EAF95A42AA416EE00B3FAC2 /* HerosJourneyCardView.xib in Resources */,
				2E3D74C92AA4F88600CD00C8 /* ElementDetailsSheetViewController.xib in Resources */,
				2EAF95842AA3F1D000B3FAC2 /* StyledHeaderSheetView.xib in Resources */,
				2E2C9DA02AA54CFB00995D41 /* HomeCollectionViewCell.xib in Resources */,
				2E1CD4DE2AA2B53B00D90276 /* Macondo-Regular.ttf in Resources */,
				2E2C9DA72AA56BD600995D41 /* GameplayCardView.xib in Resources */,
				2E7FAC582AA3B22D00E1AF20 /* HerosJourneyScreenViewController.xib in Resources */,
			);
			runOnlyForDeploymentPostprocessing = 0;
		};
		2E737F922AA2455F001F4EB4 /* Resources */ = {
			isa = PBXResourcesBuildPhase;
			buildActionMask = 2147483647;
			files = (
			);
			runOnlyForDeploymentPostprocessing = 0;
		};
		2E737F9C2AA2455F001F4EB4 /* Resources */ = {
			isa = PBXResourcesBuildPhase;
			buildActionMask = 2147483647;
			files = (
			);
			runOnlyForDeploymentPostprocessing = 0;
		};
/* End PBXResourcesBuildPhase section */

/* Begin PBXShellScriptBuildPhase section */
		1260799AB80B0FB8DF2071EB /* [CP] Check Pods Manifest.lock */ = {
			isa = PBXShellScriptBuildPhase;
			buildActionMask = 2147483647;
			files = (
			);
			inputFileListPaths = (
			);
			inputPaths = (
				"${PODS_PODFILE_DIR_PATH}/Podfile.lock",
				"${PODS_ROOT}/Manifest.lock",
			);
			name = "[CP] Check Pods Manifest.lock";
			outputFileListPaths = (
			);
			outputPaths = (
				"$(DERIVED_FILE_DIR)/Pods-ArielsJourney-ArielsJourneyUITests-checkManifestLockResult.txt",
			);
			runOnlyForDeploymentPostprocessing = 0;
			shellPath = /bin/sh;
			shellScript = "diff \"${PODS_PODFILE_DIR_PATH}/Podfile.lock\" \"${PODS_ROOT}/Manifest.lock\" > /dev/null\nif [ $? != 0 ] ; then\n    # print error to STDERR\n    echo \"error: The sandbox is not in sync with the Podfile.lock. Run 'pod install' or update your CocoaPods installation.\" >&2\n    exit 1\nfi\n# This output is used by Xcode 'outputs' to avoid re-running this script phase.\necho \"SUCCESS\" > \"${SCRIPT_OUTPUT_FILE_0}\"\n";
			showEnvVarsInLog = 0;
		};
		51053F36D004746221A9803E /* [CP] Check Pods Manifest.lock */ = {
			isa = PBXShellScriptBuildPhase;
			buildActionMask = 2147483647;
			files = (
			);
			inputFileListPaths = (
			);
			inputPaths = (
				"${PODS_PODFILE_DIR_PATH}/Podfile.lock",
				"${PODS_ROOT}/Manifest.lock",
			);
			name = "[CP] Check Pods Manifest.lock";
			outputFileListPaths = (
			);
			outputPaths = (
				"$(DERIVED_FILE_DIR)/Pods-ArielsJourneyTests-checkManifestLockResult.txt",
			);
			runOnlyForDeploymentPostprocessing = 0;
			shellPath = /bin/sh;
			shellScript = "diff \"${PODS_PODFILE_DIR_PATH}/Podfile.lock\" \"${PODS_ROOT}/Manifest.lock\" > /dev/null\nif [ $? != 0 ] ; then\n    # print error to STDERR\n    echo \"error: The sandbox is not in sync with the Podfile.lock. Run 'pod install' or update your CocoaPods installation.\" >&2\n    exit 1\nfi\n# This output is used by Xcode 'outputs' to avoid re-running this script phase.\necho \"SUCCESS\" > \"${SCRIPT_OUTPUT_FILE_0}\"\n";
			showEnvVarsInLog = 0;
		};
		938D7693EB5490059AE702B5 /* [CP] Check Pods Manifest.lock */ = {
			isa = PBXShellScriptBuildPhase;
			buildActionMask = 2147483647;
			files = (
			);
			inputFileListPaths = (
			);
			inputPaths = (
				"${PODS_PODFILE_DIR_PATH}/Podfile.lock",
				"${PODS_ROOT}/Manifest.lock",
			);
			name = "[CP] Check Pods Manifest.lock";
			outputFileListPaths = (
			);
			outputPaths = (
				"$(DERIVED_FILE_DIR)/Pods-ArielsJourney-checkManifestLockResult.txt",
			);
			runOnlyForDeploymentPostprocessing = 0;
			shellPath = /bin/sh;
			shellScript = "diff \"${PODS_PODFILE_DIR_PATH}/Podfile.lock\" \"${PODS_ROOT}/Manifest.lock\" > /dev/null\nif [ $? != 0 ] ; then\n    # print error to STDERR\n    echo \"error: The sandbox is not in sync with the Podfile.lock. Run 'pod install' or update your CocoaPods installation.\" >&2\n    exit 1\nfi\n# This output is used by Xcode 'outputs' to avoid re-running this script phase.\necho \"SUCCESS\" > \"${SCRIPT_OUTPUT_FILE_0}\"\n";
			showEnvVarsInLog = 0;
		};
/* End PBXShellScriptBuildPhase section */

/* Begin PBXSourcesBuildPhase section */
		2E737F7A2AA2455D001F4EB4 /* Sources */ = {
			isa = PBXSourcesBuildPhase;
			buildActionMask = 2147483647;
			files = (
				2E7FAC492AA3A8AD00E1AF20 /* GameplayScreenRouter.swift in Sources */,
				2EBFD18F2AA6B77600308B0D /* GameplayDialogueManager.swift in Sources */,
				2E737F822AA2455D001F4EB4 /* AppDelegate.swift in Sources */,
				2E7FAC642AA3B66300E1AF20 /* AchievementsScreenRouter.swift in Sources */,
				2EAF957B2AA3EC3800B3FAC2 /* ConfigurationsSheetPresenter.swift in Sources */,
				2E7FAC4B2AA3A91F00E1AF20 /* GameplayScreenPresenter.swift in Sources */,
				2E737FBB2AA24894001F4EB4 /* BaseViewController.swift in Sources */,
				2E737FC32AA249E1001F4EB4 /* SplashScreenViewController.swift in Sources */,
				2EB169572AA2766900615060 /* HomeScreenRouter.swift in Sources */,
				2E737FB92AA2486E001F4EB4 /* BaseRouter.swift in Sources */,
				2EAF957D2AA3EC9C00B3FAC2 /* ConfigurationsSheetViewController.swift in Sources */,
				2E7FAC5F2AA3B4FE00E1AF20 /* ArchetypesScreenViewController.swift in Sources */,
				2EAF95862AA401FC00B3FAC2 /* GradientLayer.swift in Sources */,
				2E7FAC522AA3B18A00E1AF20 /* HerosJourneyScreenRouter.swift in Sources */,
				2E2C9D9B2AA548E100995D41 /* HomeScreenModel.swift in Sources */,
				2E2C9DA22AA567A300995D41 /* LocalizableDialogueStrings.swift in Sources */,
				2EAF95742AA3EABF00B3FAC2 /* OverlayPresentation.swift in Sources */,
				2EAF95892AA40AF100B3FAC2 /* HerosJourneyScreenModel.swift in Sources */,
				2EAF95902AA40B9500B3FAC2 /* LocalizableProjectStrings.swift in Sources */,
				2E3D74B62AA4E19900CD00C8 /* ReusableCells.swift in Sources */,
				2EAF95822AA3F12000B3FAC2 /* StyledHeaderSheetView.swift in Sources */,
				2EAF95A22AA415DE00B3FAC2 /* HerosJourneyCardView.swift in Sources */,
				2E2C9DA92AA56F7A00995D41 /* GameplayDialogueModel.swift in Sources */,
				2E737FBD2AA248F7001F4EB4 /* BasePresenterDelegate.swift in Sources */,
				2E6DEFD02AA2A2A000C02153 /* StyledHeaderScreenView.swift in Sources */,
				2E7FAC562AA3B22300E1AF20 /* HerosJourneyScreenViewController.swift in Sources */,
				2E3D74C72AA4F83B00CD00C8 /* ElementDetailsSheetViewController.swift in Sources */,
				2EAF95792AA3EBE300B3FAC2 /* ConfigurationsSheetRouter.swift in Sources */,
				2E2C9DA52AA56B3600995D41 /* GameplayCardView.swift in Sources */,
				2E7FAC5B2AA3B49700E1AF20 /* ArchetypesScreenRouter.swift in Sources */,
				2E3D74C52AA4F7F300CD00C8 /* ElementDetailsSheetPresenter.swift in Sources */,
				2EAF958E2AA40B6E00B3FAC2 /* Localizable.swift in Sources */,
				2E3D74B92AA4E22800CD00C8 /* ArchetypesModel.swift in Sources */,
				2E3D74C32AA4F7AF00CD00C8 /* ElementDetailsSheetRouter.swift in Sources */,
				2E7FAC542AA3B1CC00E1AF20 /* HerosJourneyScreenPresenter.swift in Sources */,
				2E737FB32AA2472A001F4EB4 /* SplashScreenRouter.swift in Sources */,
				2E7FAC4D2AA3A9F800E1AF20 /* GameplayScreenViewController.swift in Sources */,
				2E7FAC662AA3B68B00E1AF20 /* AchievementsScreenPresenter.swift in Sources */,
				2E2C9D9E2AA54CB400995D41 /* HomeCollectionViewCell.swift in Sources */,
				2EB169592AA2773600615060 /* HomeScreenPresenter.swift in Sources */,
				2E7FAC682AA3B6BC00E1AF20 /* AchievementsScreenViewController.swift in Sources */,
				2EBE72B42AA7913A005E6010 /* AnimationTyping.swift in Sources */,
				2E3D74BE2AA4E3D400CD00C8 /* ArchetypeCollectionViewCell.swift in Sources */,
				2E737FBF2AA24928001F4EB4 /* SplashScreenPresenter.swift in Sources */,
				2E7FAC5D2AA3B4C700E1AF20 /* ArchetypesScreenPresenter.swift in Sources */,
				2EB1695B2AA2781800615060 /* HomeScreenViewController.swift in Sources */,
			);
			runOnlyForDeploymentPostprocessing = 0;
		};
		2E737F902AA2455F001F4EB4 /* Sources */ = {
			isa = PBXSourcesBuildPhase;
			buildActionMask = 2147483647;
			files = (
				2E737F992AA2455F001F4EB4 /* ArielsJourneyTests.swift in Sources */,
			);
			runOnlyForDeploymentPostprocessing = 0;
		};
		2E737F9A2AA2455F001F4EB4 /* Sources */ = {
			isa = PBXSourcesBuildPhase;
			buildActionMask = 2147483647;
			files = (
				2E737FA32AA2455F001F4EB4 /* ArielsJourneyUITests.swift in Sources */,
				2E737FA52AA2455F001F4EB4 /* ArielsJourneyUITestsLaunchTests.swift in Sources */,
			);
			runOnlyForDeploymentPostprocessing = 0;
		};
/* End PBXSourcesBuildPhase section */

/* Begin PBXTargetDependency section */
		2E737F962AA2455F001F4EB4 /* PBXTargetDependency */ = {
			isa = PBXTargetDependency;
			target = 2E737F7D2AA2455D001F4EB4 /* ArielsJourney */;
			targetProxy = 2E737F952AA2455F001F4EB4 /* PBXContainerItemProxy */;
		};
		2E737FA02AA2455F001F4EB4 /* PBXTargetDependency */ = {
			isa = PBXTargetDependency;
			target = 2E737F7D2AA2455D001F4EB4 /* ArielsJourney */;
			targetProxy = 2E737F9F2AA2455F001F4EB4 /* PBXContainerItemProxy */;
		};
/* End PBXTargetDependency section */

/* Begin PBXVariantGroup section */
		2E737F8C2AA2455F001F4EB4 /* LaunchScreen.storyboard */ = {
			isa = PBXVariantGroup;
			children = (
				2E737F8D2AA2455F001F4EB4 /* Base */,
				2EAF95932AA40CD500B3FAC2 /* pt-BR */,
			);
			name = LaunchScreen.storyboard;
			sourceTree = "<group>";
		};
		2EAF95982AA40CF900B3FAC2 /* Localizable.strings */ = {
			isa = PBXVariantGroup;
			children = (
				2EAF95972AA40CF900B3FAC2 /* pt-BR */,
				2EAF95992AA40CFC00B3FAC2 /* en */,
			);
			name = Localizable.strings;
			sourceTree = "<group>";
		};
		2EAF959E2AA40D2600B3FAC2 /* Dialogues.strings */ = {
			isa = PBXVariantGroup;
			children = (
				2EAF959D2AA40D2600B3FAC2 /* en */,
				2EAF959F2AA40D2A00B3FAC2 /* pt-BR */,
			);
			name = Dialogues.strings;
			sourceTree = "<group>";
		};
/* End PBXVariantGroup section */

/* Begin XCBuildConfiguration section */
		2E737FA62AA2455F001F4EB4 /* Debug */ = {
			isa = XCBuildConfiguration;
			buildSettings = {
				ALWAYS_SEARCH_USER_PATHS = NO;
				CLANG_ANALYZER_LOCALIZABILITY_NONLOCALIZED = YES;
				CLANG_ANALYZER_NONNULL = YES;
				CLANG_ANALYZER_NUMBER_OBJECT_CONVERSION = YES_AGGRESSIVE;
				CLANG_CXX_LANGUAGE_STANDARD = "gnu++20";
				CLANG_ENABLE_MODULES = YES;
				CLANG_ENABLE_OBJC_ARC = YES;
				CLANG_ENABLE_OBJC_WEAK = YES;
				CLANG_WARN_BLOCK_CAPTURE_AUTORELEASING = YES;
				CLANG_WARN_BOOL_CONVERSION = YES;
				CLANG_WARN_COMMA = YES;
				CLANG_WARN_CONSTANT_CONVERSION = YES;
				CLANG_WARN_DEPRECATED_OBJC_IMPLEMENTATIONS = YES;
				CLANG_WARN_DIRECT_OBJC_ISA_USAGE = YES_ERROR;
				CLANG_WARN_DOCUMENTATION_COMMENTS = YES;
				CLANG_WARN_EMPTY_BODY = YES;
				CLANG_WARN_ENUM_CONVERSION = YES;
				CLANG_WARN_INFINITE_RECURSION = YES;
				CLANG_WARN_INT_CONVERSION = YES;
				CLANG_WARN_NON_LITERAL_NULL_CONVERSION = YES;
				CLANG_WARN_OBJC_IMPLICIT_RETAIN_SELF = YES;
				CLANG_WARN_OBJC_LITERAL_CONVERSION = YES;
				CLANG_WARN_OBJC_ROOT_CLASS = YES_ERROR;
				CLANG_WARN_QUOTED_INCLUDE_IN_FRAMEWORK_HEADER = YES;
				CLANG_WARN_RANGE_LOOP_ANALYSIS = YES;
				CLANG_WARN_STRICT_PROTOTYPES = YES;
				CLANG_WARN_SUSPICIOUS_MOVE = YES;
				CLANG_WARN_UNGUARDED_AVAILABILITY = YES_AGGRESSIVE;
				CLANG_WARN_UNREACHABLE_CODE = YES;
				CLANG_WARN__DUPLICATE_METHOD_MATCH = YES;
				COPY_PHASE_STRIP = NO;
				DEBUG_INFORMATION_FORMAT = dwarf;
				ENABLE_STRICT_OBJC_MSGSEND = YES;
				ENABLE_TESTABILITY = YES;
				GCC_C_LANGUAGE_STANDARD = gnu11;
				GCC_DYNAMIC_NO_PIC = NO;
				GCC_NO_COMMON_BLOCKS = YES;
				GCC_OPTIMIZATION_LEVEL = 0;
				GCC_PREPROCESSOR_DEFINITIONS = (
					"DEBUG=1",
					"$(inherited)",
				);
				GCC_WARN_64_TO_32_BIT_CONVERSION = YES;
				GCC_WARN_ABOUT_RETURN_TYPE = YES_ERROR;
				GCC_WARN_UNDECLARED_SELECTOR = YES;
				GCC_WARN_UNINITIALIZED_AUTOS = YES_AGGRESSIVE;
				GCC_WARN_UNUSED_FUNCTION = YES;
				GCC_WARN_UNUSED_VARIABLE = YES;
				IPHONEOS_DEPLOYMENT_TARGET = 16.2;
				MTL_ENABLE_DEBUG_INFO = INCLUDE_SOURCE;
				MTL_FAST_MATH = YES;
				ONLY_ACTIVE_ARCH = YES;
				SDKROOT = iphoneos;
				SWIFT_ACTIVE_COMPILATION_CONDITIONS = DEBUG;
				SWIFT_OPTIMIZATION_LEVEL = "-Onone";
			};
			name = Debug;
		};
		2E737FA72AA2455F001F4EB4 /* Release */ = {
			isa = XCBuildConfiguration;
			buildSettings = {
				ALWAYS_SEARCH_USER_PATHS = NO;
				CLANG_ANALYZER_LOCALIZABILITY_NONLOCALIZED = YES;
				CLANG_ANALYZER_NONNULL = YES;
				CLANG_ANALYZER_NUMBER_OBJECT_CONVERSION = YES_AGGRESSIVE;
				CLANG_CXX_LANGUAGE_STANDARD = "gnu++20";
				CLANG_ENABLE_MODULES = YES;
				CLANG_ENABLE_OBJC_ARC = YES;
				CLANG_ENABLE_OBJC_WEAK = YES;
				CLANG_WARN_BLOCK_CAPTURE_AUTORELEASING = YES;
				CLANG_WARN_BOOL_CONVERSION = YES;
				CLANG_WARN_COMMA = YES;
				CLANG_WARN_CONSTANT_CONVERSION = YES;
				CLANG_WARN_DEPRECATED_OBJC_IMPLEMENTATIONS = YES;
				CLANG_WARN_DIRECT_OBJC_ISA_USAGE = YES_ERROR;
				CLANG_WARN_DOCUMENTATION_COMMENTS = YES;
				CLANG_WARN_EMPTY_BODY = YES;
				CLANG_WARN_ENUM_CONVERSION = YES;
				CLANG_WARN_INFINITE_RECURSION = YES;
				CLANG_WARN_INT_CONVERSION = YES;
				CLANG_WARN_NON_LITERAL_NULL_CONVERSION = YES;
				CLANG_WARN_OBJC_IMPLICIT_RETAIN_SELF = YES;
				CLANG_WARN_OBJC_LITERAL_CONVERSION = YES;
				CLANG_WARN_OBJC_ROOT_CLASS = YES_ERROR;
				CLANG_WARN_QUOTED_INCLUDE_IN_FRAMEWORK_HEADER = YES;
				CLANG_WARN_RANGE_LOOP_ANALYSIS = YES;
				CLANG_WARN_STRICT_PROTOTYPES = YES;
				CLANG_WARN_SUSPICIOUS_MOVE = YES;
				CLANG_WARN_UNGUARDED_AVAILABILITY = YES_AGGRESSIVE;
				CLANG_WARN_UNREACHABLE_CODE = YES;
				CLANG_WARN__DUPLICATE_METHOD_MATCH = YES;
				COPY_PHASE_STRIP = NO;
				DEBUG_INFORMATION_FORMAT = "dwarf-with-dsym";
				ENABLE_NS_ASSERTIONS = NO;
				ENABLE_STRICT_OBJC_MSGSEND = YES;
				GCC_C_LANGUAGE_STANDARD = gnu11;
				GCC_NO_COMMON_BLOCKS = YES;
				GCC_WARN_64_TO_32_BIT_CONVERSION = YES;
				GCC_WARN_ABOUT_RETURN_TYPE = YES_ERROR;
				GCC_WARN_UNDECLARED_SELECTOR = YES;
				GCC_WARN_UNINITIALIZED_AUTOS = YES_AGGRESSIVE;
				GCC_WARN_UNUSED_FUNCTION = YES;
				GCC_WARN_UNUSED_VARIABLE = YES;
				IPHONEOS_DEPLOYMENT_TARGET = 16.2;
				MTL_ENABLE_DEBUG_INFO = NO;
				MTL_FAST_MATH = YES;
				SDKROOT = iphoneos;
				SWIFT_COMPILATION_MODE = wholemodule;
				SWIFT_OPTIMIZATION_LEVEL = "-O";
				VALIDATE_PRODUCT = YES;
			};
			name = Release;
		};
		2E737FA92AA2455F001F4EB4 /* Debug */ = {
			isa = XCBuildConfiguration;
			baseConfigurationReference = FD9894A80624EB1BD580928E /* Pods-ArielsJourney.debug.xcconfig */;
			buildSettings = {
				ASSETCATALOG_COMPILER_APPICON_NAME = AppIcon;
				ASSETCATALOG_COMPILER_GLOBAL_ACCENT_COLOR_NAME = AccentColor;
				CODE_SIGN_STYLE = Automatic;
				CURRENT_PROJECT_VERSION = 1;
				DEVELOPMENT_TEAM = PWV57K9HFD;
				GENERATE_INFOPLIST_FILE = YES;
				INFOPLIST_FILE = ArielsJourney/Info.plist;
				INFOPLIST_KEY_UIApplicationSupportsIndirectInputEvents = YES;
				INFOPLIST_KEY_UILaunchStoryboardName = "";
				INFOPLIST_KEY_UIMainStoryboardFile = LaunchScreen;
				INFOPLIST_KEY_UISupportedInterfaceOrientations = "UIInterfaceOrientationLandscapeLeft UIInterfaceOrientationLandscapeRight";
				LD_RUNPATH_SEARCH_PATHS = (
					"$(inherited)",
					"@executable_path/Frameworks",
				);
				MARKETING_VERSION = 1.0;
				PRODUCT_BUNDLE_IDENTIFIER = eduardoliveira.ArielsJourney;
				PRODUCT_NAME = "$(TARGET_NAME)";
				SWIFT_EMIT_LOC_STRINGS = YES;
				SWIFT_VERSION = 5.0;
				TARGETED_DEVICE_FAMILY = "1,2";
			};
			name = Debug;
		};
		2E737FAA2AA2455F001F4EB4 /* Release */ = {
			isa = XCBuildConfiguration;
			baseConfigurationReference = 2F48B1E409AF8E12E9C77714 /* Pods-ArielsJourney.release.xcconfig */;
			buildSettings = {
				ASSETCATALOG_COMPILER_APPICON_NAME = AppIcon;
				ASSETCATALOG_COMPILER_GLOBAL_ACCENT_COLOR_NAME = AccentColor;
				CODE_SIGN_STYLE = Automatic;
				CURRENT_PROJECT_VERSION = 1;
				DEVELOPMENT_TEAM = PWV57K9HFD;
				GENERATE_INFOPLIST_FILE = YES;
				INFOPLIST_FILE = ArielsJourney/Info.plist;
				INFOPLIST_KEY_UIApplicationSupportsIndirectInputEvents = YES;
				INFOPLIST_KEY_UILaunchStoryboardName = "";
				INFOPLIST_KEY_UIMainStoryboardFile = LaunchScreen;
				INFOPLIST_KEY_UISupportedInterfaceOrientations = "UIInterfaceOrientationLandscapeLeft UIInterfaceOrientationLandscapeRight";
				LD_RUNPATH_SEARCH_PATHS = (
					"$(inherited)",
					"@executable_path/Frameworks",
				);
				MARKETING_VERSION = 1.0;
				PRODUCT_BUNDLE_IDENTIFIER = eduardoliveira.ArielsJourney;
				PRODUCT_NAME = "$(TARGET_NAME)";
				SWIFT_EMIT_LOC_STRINGS = YES;
				SWIFT_VERSION = 5.0;
				TARGETED_DEVICE_FAMILY = "1,2";
			};
			name = Release;
		};
		2E737FAC2AA2455F001F4EB4 /* Debug */ = {
			isa = XCBuildConfiguration;
			baseConfigurationReference = 5B82745CC2ECA9191FCEB262 /* Pods-ArielsJourneyTests.debug.xcconfig */;
			buildSettings = {
				ALWAYS_EMBED_SWIFT_STANDARD_LIBRARIES = YES;
				BUNDLE_LOADER = "$(TEST_HOST)";
				CODE_SIGN_STYLE = Automatic;
				CURRENT_PROJECT_VERSION = 1;
				DEVELOPMENT_TEAM = PWV57K9HFD;
				GENERATE_INFOPLIST_FILE = YES;
				IPHONEOS_DEPLOYMENT_TARGET = 16.2;
				MARKETING_VERSION = 1.0;
				PRODUCT_BUNDLE_IDENTIFIER = eduardoliveira.ArielsJourneyTests;
				PRODUCT_NAME = "$(TARGET_NAME)";
				SWIFT_EMIT_LOC_STRINGS = NO;
				SWIFT_VERSION = 5.0;
				TARGETED_DEVICE_FAMILY = "1,2";
				TEST_HOST = "$(BUILT_PRODUCTS_DIR)/ArielsJourney.app/$(BUNDLE_EXECUTABLE_FOLDER_PATH)/ArielsJourney";
			};
			name = Debug;
		};
		2E737FAD2AA2455F001F4EB4 /* Release */ = {
			isa = XCBuildConfiguration;
			baseConfigurationReference = 751C73FE44BD46F16D547769 /* Pods-ArielsJourneyTests.release.xcconfig */;
			buildSettings = {
				ALWAYS_EMBED_SWIFT_STANDARD_LIBRARIES = YES;
				BUNDLE_LOADER = "$(TEST_HOST)";
				CODE_SIGN_STYLE = Automatic;
				CURRENT_PROJECT_VERSION = 1;
				DEVELOPMENT_TEAM = PWV57K9HFD;
				GENERATE_INFOPLIST_FILE = YES;
				IPHONEOS_DEPLOYMENT_TARGET = 16.2;
				MARKETING_VERSION = 1.0;
				PRODUCT_BUNDLE_IDENTIFIER = eduardoliveira.ArielsJourneyTests;
				PRODUCT_NAME = "$(TARGET_NAME)";
				SWIFT_EMIT_LOC_STRINGS = NO;
				SWIFT_VERSION = 5.0;
				TARGETED_DEVICE_FAMILY = "1,2";
				TEST_HOST = "$(BUILT_PRODUCTS_DIR)/ArielsJourney.app/$(BUNDLE_EXECUTABLE_FOLDER_PATH)/ArielsJourney";
			};
			name = Release;
		};
		2E737FAF2AA2455F001F4EB4 /* Debug */ = {
			isa = XCBuildConfiguration;
			baseConfigurationReference = 88A4C7E411A30B82DDC1058B /* Pods-ArielsJourney-ArielsJourneyUITests.debug.xcconfig */;
			buildSettings = {
				ALWAYS_EMBED_SWIFT_STANDARD_LIBRARIES = YES;
				CODE_SIGN_STYLE = Automatic;
				CURRENT_PROJECT_VERSION = 1;
				DEVELOPMENT_TEAM = PWV57K9HFD;
				GENERATE_INFOPLIST_FILE = YES;
				MARKETING_VERSION = 1.0;
				PRODUCT_BUNDLE_IDENTIFIER = eduardoliveira.ArielsJourneyUITests;
				PRODUCT_NAME = "$(TARGET_NAME)";
				SWIFT_EMIT_LOC_STRINGS = NO;
				SWIFT_VERSION = 5.0;
				TARGETED_DEVICE_FAMILY = "1,2";
				TEST_TARGET_NAME = ArielsJourney;
			};
			name = Debug;
		};
		2E737FB02AA2455F001F4EB4 /* Release */ = {
			isa = XCBuildConfiguration;
			baseConfigurationReference = 8CA94DA5B7BAADED7B8AECBC /* Pods-ArielsJourney-ArielsJourneyUITests.release.xcconfig */;
			buildSettings = {
				ALWAYS_EMBED_SWIFT_STANDARD_LIBRARIES = YES;
				CODE_SIGN_STYLE = Automatic;
				CURRENT_PROJECT_VERSION = 1;
				DEVELOPMENT_TEAM = PWV57K9HFD;
				GENERATE_INFOPLIST_FILE = YES;
				MARKETING_VERSION = 1.0;
				PRODUCT_BUNDLE_IDENTIFIER = eduardoliveira.ArielsJourneyUITests;
				PRODUCT_NAME = "$(TARGET_NAME)";
				SWIFT_EMIT_LOC_STRINGS = NO;
				SWIFT_VERSION = 5.0;
				TARGETED_DEVICE_FAMILY = "1,2";
				TEST_TARGET_NAME = ArielsJourney;
			};
			name = Release;
		};
/* End XCBuildConfiguration section */

/* Begin XCConfigurationList section */
		2E737F792AA2455D001F4EB4 /* Build configuration list for PBXProject "ArielsJourney" */ = {
			isa = XCConfigurationList;
			buildConfigurations = (
				2E737FA62AA2455F001F4EB4 /* Debug */,
				2E737FA72AA2455F001F4EB4 /* Release */,
			);
			defaultConfigurationIsVisible = 0;
			defaultConfigurationName = Release;
		};
		2E737FA82AA2455F001F4EB4 /* Build configuration list for PBXNativeTarget "ArielsJourney" */ = {
			isa = XCConfigurationList;
			buildConfigurations = (
				2E737FA92AA2455F001F4EB4 /* Debug */,
				2E737FAA2AA2455F001F4EB4 /* Release */,
			);
			defaultConfigurationIsVisible = 0;
			defaultConfigurationName = Release;
		};
		2E737FAB2AA2455F001F4EB4 /* Build configuration list for PBXNativeTarget "ArielsJourneyTests" */ = {
			isa = XCConfigurationList;
			buildConfigurations = (
				2E737FAC2AA2455F001F4EB4 /* Debug */,
				2E737FAD2AA2455F001F4EB4 /* Release */,
			);
			defaultConfigurationIsVisible = 0;
			defaultConfigurationName = Release;
		};
		2E737FAE2AA2455F001F4EB4 /* Build configuration list for PBXNativeTarget "ArielsJourneyUITests" */ = {
			isa = XCConfigurationList;
			buildConfigurations = (
				2E737FAF2AA2455F001F4EB4 /* Debug */,
				2E737FB02AA2455F001F4EB4 /* Release */,
			);
			defaultConfigurationIsVisible = 0;
			defaultConfigurationName = Release;
		};
/* End XCConfigurationList section */
	};
	rootObject = 2E737F762AA2455D001F4EB4 /* Project object */;
}
